
Microsoft Visual Studio Solution File, Format Version 12.00
# Visual Studio Version 17
VisualStudioVersion = 17.11.35219.272
MinimumVisualStudioVersion = 10.0.40219.1
Project("{FAE04EC0-301F-11D3-BF4B-00C04F79EFBC}") = "snakeSergachevTARpv23", "snakeSergachevTARpv23.csproj", "{7FA31B48-2D89-4C53-9A2B-5209683D41CB}"
EndProject
Global
	GlobalSection(SolutionConfigurationPlatforms) = preSolution
		Debug|Any CPU = Debug|Any CPU
		Release|Any CPU = Release|Any CPU
	EndGlobalSection
	GlobalSection(ProjectConfigurationPlatforms) = postSolution
		{7FA31B48-2D89-4C53-9A2B-5209683D41CB}.Debug|Any CPU.ActiveCfg = Debug|Any CPU
		{7FA31B48-2D89-4C53-9A2B-5209683D41CB}.Debug|Any CPU.Build.0 = Debug|Any CPU
		{7FA31B48-2D89-4C53-9A2B-5209683D41CB}.Release|Any CPU.ActiveCfg = Release|Any CPU
		{7FA31B48-2D89-4C53-9A2B-5209683D41CB}.Release|Any CPU.Build.0 = Release|Any CPU
	EndGlobalSection
	GlobalSection(SolutionProperties) = preSolution
		HideSolutionNode = FALSE
	EndGlobalSection
	GlobalSection(ExtensibilityGlobals) = postSolution
		SolutionGuid = {4733B816-0EEE-4C5C-856A-39508888A173}
	EndGlobalSection
EndGlobal
